
Microsoft Visual Studio Solution File, Format Version 12.00
# Visual Studio Version 17
VisualStudioVersion = 17.0.31903.59
MinimumVisualStudioVersion = 10.0.40219.1
Project("{FAE04EC0-301F-11D3-BF4B-00C04F79EFBC}") = "API", "API\API.csproj", "{15205D07-04F7-4CDF-94EE-3214CDB39493}"
EndProject
Project("{FAE04EC0-301F-11D3-BF4B-00C04F79EFBC}") = "Application", "Application\Application.csproj", "{9130C2AF-11DC-4319-BDE9-E5DC02FA696B}"
EndProject
Project("{FAE04EC0-301F-11D3-BF4B-00C04F79EFBC}") = "Domain", "Domain\Domain.csproj", "{5A38395B-C163-4A20-8345-96310FF17FF5}"
EndProject
Project("{FAE04EC0-301F-11D3-BF4B-00C04F79EFBC}") = "Persistence", "Persistence\Persistence.csproj", "{53C2F30A-671B-4C04-B331-54FA2A52CF3E}"
EndProject
Project("{FAE04EC0-301F-11D3-BF4B-00C04F79EFBC}") = "Infrastructure", "Infrastructure\Infrastructure.csproj", "{3F4E87F9-665E-42C4-90C4-37BB4286C817}"
EndProject
Global
	GlobalSection(SolutionConfigurationPlatforms) = preSolution
		Debug|Any CPU = Debug|Any CPU
		Release|Any CPU = Release|Any CPU
	EndGlobalSection
	GlobalSection(SolutionProperties) = preSolution
		HideSolutionNode = FALSE
	EndGlobalSection
	GlobalSection(ProjectConfigurationPlatforms) = postSolution
		{15205D07-04F7-4CDF-94EE-3214CDB39493}.Debug|Any CPU.ActiveCfg = Debug|Any CPU
		{15205D07-04F7-4CDF-94EE-3214CDB39493}.Debug|Any CPU.Build.0 = Debug|Any CPU
		{15205D07-04F7-4CDF-94EE-3214CDB39493}.Release|Any CPU.ActiveCfg = Release|Any CPU
		{15205D07-04F7-4CDF-94EE-3214CDB39493}.Release|Any CPU.Build.0 = Release|Any CPU
		{9130C2AF-11DC-4319-BDE9-E5DC02FA696B}.Debug|Any CPU.ActiveCfg = Debug|Any CPU
		{9130C2AF-11DC-4319-BDE9-E5DC02FA696B}.Debug|Any CPU.Build.0 = Debug|Any CPU
		{9130C2AF-11DC-4319-BDE9-E5DC02FA696B}.Release|Any CPU.ActiveCfg = Release|Any CPU
		{9130C2AF-11DC-4319-BDE9-E5DC02FA696B}.Release|Any CPU.Build.0 = Release|Any CPU
		{5A38395B-C163-4A20-8345-96310FF17FF5}.Debug|Any CPU.ActiveCfg = Debug|Any CPU
		{5A38395B-C163-4A20-8345-96310FF17FF5}.Debug|Any CPU.Build.0 = Debug|Any CPU
		{5A38395B-C163-4A20-8345-96310FF17FF5}.Release|Any CPU.ActiveCfg = Release|Any CPU
		{5A38395B-C163-4A20-8345-96310FF17FF5}.Release|Any CPU.Build.0 = Release|Any CPU
		{53C2F30A-671B-4C04-B331-54FA2A52CF3E}.Debug|Any CPU.ActiveCfg = Debug|Any CPU
		{53C2F30A-671B-4C04-B331-54FA2A52CF3E}.Debug|Any CPU.Build.0 = Debug|Any CPU
		{53C2F30A-671B-4C04-B331-54FA2A52CF3E}.Release|Any CPU.ActiveCfg = Release|Any CPU
		{53C2F30A-671B-4C04-B331-54FA2A52CF3E}.Release|Any CPU.Build.0 = Release|Any CPU
		{3F4E87F9-665E-42C4-90C4-37BB4286C817}.Debug|Any CPU.ActiveCfg = Debug|Any CPU
		{3F4E87F9-665E-42C4-90C4-37BB4286C817}.Debug|Any CPU.Build.0 = Debug|Any CPU
		{3F4E87F9-665E-42C4-90C4-37BB4286C817}.Release|Any CPU.ActiveCfg = Release|Any CPU
		{3F4E87F9-665E-42C4-90C4-37BB4286C817}.Release|Any CPU.Build.0 = Release|Any CPU
	EndGlobalSection
EndGlobal
